
Microsoft Visual Studio Solution File, Format Version 12.00
# Visual Studio Version 16
VisualStudioVersion = 16.0.29025.244
MinimumVisualStudioVersion = 10.0.40219.1
Project("{FAE04EC0-301F-11D3-BF4B-00C04F79EFBC}") = "DesignPatterns", "DesignPatterns\DesignPatterns.csproj", "{59CC28E5-A27A-4E5D-82B0-587DE21A50BB}"
EndProject
Project("{FAE04EC0-301F-11D3-BF4B-00C04F79EFBC}") = "LearnReflection", "LearnReflection\LearnReflection.csproj", "{9CB014AF-8C4A-49E4-B7A2-A6AAD914E41A}"
EndProject
Project("{FAE04EC0-301F-11D3-BF4B-00C04F79EFBC}") = "CustomXAMLControls", "CustomXAMLControls\CustomXAMLControls.csproj", "{C9D5551C-117A-497D-9787-ACA0D774BB56}"
EndProject
Project("{FAE04EC0-301F-11D3-BF4B-00C04F79EFBC}") = "Libraries", "Libraries\Libraries.csproj", "{08B09392-9B44-4EDC-9D94-6BE9219FC713}"
EndProject
Project("{FAE04EC0-301F-11D3-BF4B-00C04F79EFBC}") = "MyClassLibrary", "MyClassLibrary\MyClassLibrary.csproj", "{C77AEE9A-88FE-4190-B4AA-B634E4E77290}"
EndProject
Global
	GlobalSection(SolutionConfigurationPlatforms) = preSolution
		Debug|Any CPU = Debug|Any CPU
		Release|Any CPU = Release|Any CPU
	EndGlobalSection
	GlobalSection(ProjectConfigurationPlatforms) = postSolution
		{59CC28E5-A27A-4E5D-82B0-587DE21A50BB}.Debug|Any CPU.ActiveCfg = Debug|Any CPU
		{59CC28E5-A27A-4E5D-82B0-587DE21A50BB}.Debug|Any CPU.Build.0 = Debug|Any CPU
		{59CC28E5-A27A-4E5D-82B0-587DE21A50BB}.Release|Any CPU.ActiveCfg = Release|Any CPU
		{59CC28E5-A27A-4E5D-82B0-587DE21A50BB}.Release|Any CPU.Build.0 = Release|Any CPU
		{9CB014AF-8C4A-49E4-B7A2-A6AAD914E41A}.Debug|Any CPU.ActiveCfg = Debug|Any CPU
		{9CB014AF-8C4A-49E4-B7A2-A6AAD914E41A}.Debug|Any CPU.Build.0 = Debug|Any CPU
		{9CB014AF-8C4A-49E4-B7A2-A6AAD914E41A}.Release|Any CPU.ActiveCfg = Release|Any CPU
		{9CB014AF-8C4A-49E4-B7A2-A6AAD914E41A}.Release|Any CPU.Build.0 = Release|Any CPU
		{C9D5551C-117A-497D-9787-ACA0D774BB56}.Debug|Any CPU.ActiveCfg = Debug|Any CPU
		{C9D5551C-117A-497D-9787-ACA0D774BB56}.Debug|Any CPU.Build.0 = Debug|Any CPU
		{C9D5551C-117A-497D-9787-ACA0D774BB56}.Release|Any CPU.ActiveCfg = Release|Any CPU
		{C9D5551C-117A-497D-9787-ACA0D774BB56}.Release|Any CPU.Build.0 = Release|Any CPU
		{08B09392-9B44-4EDC-9D94-6BE9219FC713}.Debug|Any CPU.ActiveCfg = Debug|Any CPU
		{08B09392-9B44-4EDC-9D94-6BE9219FC713}.Debug|Any CPU.Build.0 = Debug|Any CPU
		{08B09392-9B44-4EDC-9D94-6BE9219FC713}.Release|Any CPU.ActiveCfg = Release|Any CPU
		{08B09392-9B44-4EDC-9D94-6BE9219FC713}.Release|Any CPU.Build.0 = Release|Any CPU
		{C77AEE9A-88FE-4190-B4AA-B634E4E77290}.Debug|Any CPU.ActiveCfg = Debug|Any CPU
		{C77AEE9A-88FE-4190-B4AA-B634E4E77290}.Debug|Any CPU.Build.0 = Debug|Any CPU
		{C77AEE9A-88FE-4190-B4AA-B634E4E77290}.Release|Any CPU.ActiveCfg = Release|Any CPU
		{C77AEE9A-88FE-4190-B4AA-B634E4E77290}.Release|Any CPU.Build.0 = Release|Any CPU
	EndGlobalSection
	GlobalSection(SolutionProperties) = preSolution
		HideSolutionNode = FALSE
	EndGlobalSection
	GlobalSection(ExtensibilityGlobals) = postSolution
		SolutionGuid = {11D96CE0-9D77-489F-9189-B0262497AE50}
	EndGlobalSection
EndGlobal
